
Microsoft Visual Studio Solution File, Format Version 12.00
# Visual Studio Version 17
VisualStudioVersion = 17.0.31919.166
MinimumVisualStudioVersion = 10.0.40219.1
Project("{9A19103F-16F7-4668-BE54-9A1E7A4F7556}") = "GotStuff", "GotStuff\GotStuff.csproj", "{9B9A2BFE-80AE-4ADE-B682-EB7CEEB2B48D}"
EndProject
Project("{FAE04EC0-301F-11D3-BF4B-00C04F79EFBC}") = "GotStuff.UnitTests", "GotStuff.UnitTests\GotStuff.UnitTests.csproj", "{86A37888-0864-4718-9837-24C7C5ECDD92}"
EndProject
Global
	GlobalSection(SolutionConfigurationPlatforms) = preSolution
		Debug|Any CPU = Debug|Any CPU
		Release|Any CPU = Release|Any CPU
	EndGlobalSection
	GlobalSection(ProjectConfigurationPlatforms) = postSolution
		{9B9A2BFE-80AE-4ADE-B682-EB7CEEB2B48D}.Debug|Any CPU.ActiveCfg = Debug|Any CPU
		{9B9A2BFE-80AE-4ADE-B682-EB7CEEB2B48D}.Debug|Any CPU.Build.0 = Debug|Any CPU
		{9B9A2BFE-80AE-4ADE-B682-EB7CEEB2B48D}.Release|Any CPU.ActiveCfg = Release|Any CPU
		{9B9A2BFE-80AE-4ADE-B682-EB7CEEB2B48D}.Release|Any CPU.Build.0 = Release|Any CPU
		{86A37888-0864-4718-9837-24C7C5ECDD92}.Debug|Any CPU.ActiveCfg = Debug|Any CPU
		{86A37888-0864-4718-9837-24C7C5ECDD92}.Debug|Any CPU.Build.0 = Debug|Any CPU
		{86A37888-0864-4718-9837-24C7C5ECDD92}.Release|Any CPU.ActiveCfg = Release|Any CPU
		{86A37888-0864-4718-9837-24C7C5ECDD92}.Release|Any CPU.Build.0 = Release|Any CPU
	EndGlobalSection
	GlobalSection(SolutionProperties) = preSolution
		HideSolutionNode = FALSE
	EndGlobalSection
	GlobalSection(ExtensibilityGlobals) = postSolution
		SolutionGuid = {7D1CBBC9-4F33-48E7-8F70-419EE9E24A4F}
	EndGlobalSection
EndGlobal
